PODS:
  - Alamofire (5.0.0-beta.6)
  - AlamofireObjectMapper (6.1.0):
    - Alamofire (= 5.0.0-beta.6)
    - ObjectMapper (~> 3.4)
  - ObjectMapper (3.5.1)

DEPENDENCIES:
  - Alamofire
  - AlamofireObjectMapper

SPEC REPOS:
  https://github.com/cocoapods/specs.git:
    - Alamofire
    - AlamofireObjectMapper
    - ObjectMapper

SPEC CHECKSUMS:
  Alamofire: cd08a4402bd12cacd0c66f23fb12fec8d6b965e4
  AlamofireObjectMapper: cd819bed60ad326e8920a6c524c19744e15bb237
  ObjectMapper: 70187b8941977c62ccfb423caf6b50be405cabf0

PODFILE CHECKSUM: cded46987f4db05cffb26fc6427b2a8ea5b2549e

COCOAPODS: 1.7.3
